
Microsoft Visual Studio Solution File, Format Version 12.00
# Visual Studio Version 17
VisualStudioVersion = 17.2.32630.192
MinimumVisualStudioVersion = 10.0.40219.1
Project("{FAE04EC0-301F-11D3-BF4B-00C04F79EFBC}") = "Zartis.RocketLanding", "Zartis.RocketLanding\Zartis.RocketLanding.csproj", "{8D06F929-5737-4C4F-8266-65DE5680C0F8}"
EndProject
Project("{9A19103F-16F7-4668-BE54-9A1E7A4F7556}") = "Zartis.RocketLanding.Tests", "Zartis.RocketLanding.Tests\Zartis.RocketLanding.Tests.csproj", "{F114DBA6-D978-47E8-AF60-C571F2C5F07F}"
EndProject
Global
	GlobalSection(SolutionConfigurationPlatforms) = preSolution
		Debug|Any CPU = Debug|Any CPU
		Release|Any CPU = Release|Any CPU
	EndGlobalSection
	GlobalSection(ProjectConfigurationPlatforms) = postSolution
		{8D06F929-5737-4C4F-8266-65DE5680C0F8}.Debug|Any CPU.ActiveCfg = Debug|Any CPU
		{8D06F929-5737-4C4F-8266-65DE5680C0F8}.Debug|Any CPU.Build.0 = Debug|Any CPU
		{8D06F929-5737-4C4F-8266-65DE5680C0F8}.Release|Any CPU.ActiveCfg = Release|Any CPU
		{8D06F929-5737-4C4F-8266-65DE5680C0F8}.Release|Any CPU.Build.0 = Release|Any CPU
		{F114DBA6-D978-47E8-AF60-C571F2C5F07F}.Debug|Any CPU.ActiveCfg = Debug|Any CPU
		{F114DBA6-D978-47E8-AF60-C571F2C5F07F}.Debug|Any CPU.Build.0 = Debug|Any CPU
		{F114DBA6-D978-47E8-AF60-C571F2C5F07F}.Release|Any CPU.ActiveCfg = Release|Any CPU
		{F114DBA6-D978-47E8-AF60-C571F2C5F07F}.Release|Any CPU.Build.0 = Release|Any CPU
	EndGlobalSection
	GlobalSection(SolutionProperties) = preSolution
		HideSolutionNode = FALSE
	EndGlobalSection
	GlobalSection(ExtensibilityGlobals) = postSolution
		SolutionGuid = {F2A394C1-812B-4A7B-8F59-AF21A06276EC}
	EndGlobalSection
EndGlobal
